# THIS IS AN AUTOGENERATED FILE. DO NOT EDIT THIS FILE DIRECTLY.
# yarn lockfile v1


"@babel/runtime@^7.20.13":
  version "7.27.0"
  resolved "https://registry.yarnpkg.com/@babel/runtime/-/runtime-7.27.0.tgz#fbee7cf97c709518ecc1f590984481d5460d4762"
  integrity sha512-VtPOkrdPHZsKc/clNqyi9WUA8TINkZ4cGk63UUE3u4pmB2k+ZMQRDuIOagv8UVd6j7k0T3+RRIb7beKTebNbcw==
  dependencies:
    regenerator-runtime "^0.14.0"

"@biomejs/biome@2.2.6":
  version "2.2.6"
  resolved "https://registry.yarnpkg.com/@biomejs/biome/-/biome-2.2.6.tgz#76d8afbdd609a5dbace84bc982ae974a24b70b62"
  integrity sha512-yKTCNGhek0rL5OEW1jbLeZX8LHaM8yk7+3JRGv08my+gkpmtb5dDE+54r2ZjZx0ediFEn1pYBOJSmOdDP9xtFw==
  optionalDependencies:
    "@biomejs/cli-darwin-arm64" "2.2.6"
    "@biomejs/cli-darwin-x64" "2.2.6"
    "@biomejs/cli-linux-arm64" "2.2.6"
    "@biomejs/cli-linux-arm64-musl" "2.2.6"
    "@biomejs/cli-linux-x64" "2.2.6"
    "@biomejs/cli-linux-x64-musl" "2.2.6"
    "@biomejs/cli-win32-arm64" "2.2.6"
    "@biomejs/cli-win32-x64" "2.2.6"

"@biomejs/cli-darwin-arm64@2.2.6":
  version "2.2.6"
  resolved "https://registry.yarnpkg.com/@biomejs/cli-darwin-arm64/-/cli-darwin-arm64-2.2.6.tgz#b232a7d92c0b28884c1cf99d4348e1a52f95931f"
  integrity sha512-UZPmn3M45CjTYulgcrFJFZv7YmK3pTxTJDrFYlNElT2FNnkkX4fsxjExTSMeWKQYoZjvekpH5cvrYZZlWu3yfA==

"@biomejs/cli-darwin-x64@2.2.6":
  version "2.2.6"
  resolved "https://registry.yarnpkg.com/@biomejs/cli-darwin-x64/-/cli-darwin-x64-2.2.6.tgz#3a2d1582037735f8ed5243aa6d3cc4f4082c5f42"
  integrity sha512-HOUIquhHVgh/jvxyClpwlpl/oeMqntlteL89YqjuFDiZ091P0vhHccwz+8muu3nTyHWM5FQslt+4Jdcd67+xWQ==

"@biomejs/cli-linux-arm64-musl@2.2.6":
  version "2.2.6"
  resolved "https://registry.yarnpkg.com/@biomejs/cli-linux-arm64-musl/-/cli-linux-arm64-musl-2.2.6.tgz#2bfe0859c55c840c0648f2b307efccca2527d655"
  integrity sha512-TjCenQq3N6g1C+5UT3jE1bIiJb5MWQvulpUngTIpFsL4StVAUXucWD0SL9MCW89Tm6awWfeXBbZBAhJwjyFbRQ==

"@biomejs/cli-linux-arm64@2.2.6":
  version "2.2.6"
  resolved "https://registry.yarnpkg.com/@biomejs/cli-linux-arm64/-/cli-linux-arm64-2.2.6.tgz#aa1817296d84bda6ea972a54b139d1664580c190"
  integrity sha512-BpGtuMJGN+o8pQjvYsUKZ+4JEErxdSmcRD/JG3mXoWc6zrcA7OkuyGFN1mDggO0Q1n7qXxo/PcupHk8gzijt5g==

"@biomejs/cli-linux-x64-musl@2.2.6":
  version "2.2.6"
  resolved "https://registry.yarnpkg.com/@biomejs/cli-linux-x64-musl/-/cli-linux-x64-musl-2.2.6.tgz#b65f9191420e3384e287b21a8b1769795ee2c4c1"
  integrity sha512-1ZcBux8zVM3JhWN2ZCPaYf0+ogxXG316uaoXJdgoPZcdK/rmRcRY7PqHdAos2ExzvjIdvhQp72UcveI98hgOog==

"@biomejs/cli-linux-x64@2.2.6":
  version "2.2.6"
  resolved "https://registry.yarnpkg.com/@biomejs/cli-linux-x64/-/cli-linux-x64-2.2.6.tgz#5c5f07264bed31a436db60577c77ea9f64a62d2b"
  integrity sha512-1HaM/dpI/1Z68zp8ZdT6EiBq+/O/z97a2AiHMl+VAdv5/ELckFt9EvRb8hDHpk8hUMoz03gXkC7VPXOVtU7faA==

"@biomejs/cli-win32-arm64@2.2.6":
  version "2.2.6"
  resolved "https://registry.yarnpkg.com/@biomejs/cli-win32-arm64/-/cli-win32-arm64-2.2.6.tgz#a47ef2d6bec694df088ba70ffd6e89839c9c2304"
  integrity sha512-h3A88G8PGM1ryTeZyLlSdfC/gz3e95EJw9BZmA6Po412DRqwqPBa2Y9U+4ZSGUAXCsnSQE00jLV8Pyrh0d+jQw==

"@biomejs/cli-win32-x64@2.2.6":
  version "2.2.6"
  resolved "https://registry.yarnpkg.com/@biomejs/cli-win32-x64/-/cli-win32-x64-2.2.6.tgz#cec00e860d9f20d820a48db4a6c7ab3b35c83ac6"
  integrity sha512-yx0CqeOhPjYQ5ZXgPfu8QYkgBhVJyvWe36as7jRuPrKPO5ylVDfwVtPQ+K/mooNTADW0IhxOZm3aPu16dP8yNQ==

"@emnapi/runtime@^1.2.0":
  version "1.4.0"
  resolved "https://registry.yarnpkg.com/@emnapi/runtime/-/runtime-1.4.0.tgz#8f509bf1059a5551c8fe829a1c4e91db35fdfbee"
  integrity sha512-64WYIf4UYcdLnbKn/umDlNjQDSS8AgZrI/R9+x5ilkUVFxXcA1Ebl+gQLc/6mERA4407Xof0R7wEyEuj091CVw==
  dependencies:
    tslib "^2.4.0"

"@floating-ui/core@^1.6.0":
  version "1.6.9"
  resolved "https://registry.yarnpkg.com/@floating-ui/core/-/core-1.6.9.tgz#64d1da251433019dafa091de9b2886ff35ec14e6"
  integrity sha512-uMXCuQ3BItDUbAMhIXw7UPXRfAlOAvZzdK9BWpE60MCn+Svt3aLn9jsPTi/WNGlRUu2uI0v5S7JiIUsbsvh3fw==
  dependencies:
    "@floating-ui/utils" "^0.2.9"

"@floating-ui/dom@^1.0.0":
  version "1.6.13"
  resolved "https://registry.yarnpkg.com/@floating-ui/dom/-/dom-1.6.13.tgz#a8a938532aea27a95121ec16e667a7cbe8c59e34"
  integrity sha512-umqzocjDgNRGTuO7Q8CU32dkHkECqI8ZdMZ5Swb6QAM0t5rnlrN3lGo1hdpscRd3WS8T6DKYK4ephgIH9iRh3w==
  dependencies:
    "@floating-ui/core" "^1.6.0"
    "@floating-ui/utils" "^0.2.9"

"@floating-ui/react-dom@^2.1.2":
  version "2.1.2"
  resolved "https://registry.yarnpkg.com/@floating-ui/react-dom/-/react-dom-2.1.2.tgz#a1349bbf6a0e5cb5ded55d023766f20a4d439a31"
  integrity sha512-06okr5cgPzMNBy+Ycse2A6udMi4bqwW/zgBF/rwjcNqWkyr82Mcg8b0vjX8OJpZFy/FKjJmw6wV7t44kK6kW7A==
  dependencies:
    "@floating-ui/dom" "^1.0.0"

"@floating-ui/react@^0.26.28":
  version "0.26.28"
  resolved "https://registry.yarnpkg.com/@floating-ui/react/-/react-0.26.28.tgz#93f44ebaeb02409312e9df9507e83aab4a8c0dc7"
  integrity sha512-yORQuuAtVpiRjpMhdc0wJj06b9JFjrYF4qp96j++v2NBpbi6SEGF7donUJ3TMieerQ6qVkAv1tgr7L4r5roTqw==
  dependencies:
    "@floating-ui/react-dom" "^2.1.2"
    "@floating-ui/utils" "^0.2.8"
    tabbable "^6.0.0"

"@floating-ui/utils@^0.2.8", "@floating-ui/utils@^0.2.9":
  version "0.2.9"
  resolved "https://registry.yarnpkg.com/@floating-ui/utils/-/utils-0.2.9.tgz#50dea3616bc8191fb8e112283b49eaff03e78429"
  integrity sha512-MDWhGtE+eHw5JW7lq4qhc5yRLS11ERl1c7Z6Xd0a58DozHES6EnNNwUWbMiG4J9Cgj053Bhk8zvlhFYKVhULwg==

"@img/sharp-darwin-arm64@0.33.5":
  version "0.33.5"
  resolved "https://registry.yarnpkg.com/@img/sharp-darwin-arm64/-/sharp-darwin-arm64-0.33.5.tgz#ef5b5a07862805f1e8145a377c8ba6e98813ca08"
  integrity sha512-UT4p+iz/2H4twwAoLCqfA9UH5pI6DggwKEGuaPy7nCVQ8ZsiY5PIcrRvD1DzuY3qYL07NtIQcWnBSY/heikIFQ==
  optionalDependencies:
    "@img/sharp-libvips-darwin-arm64" "1.0.4"

"@img/sharp-darwin-x64@0.33.5":
  version "0.33.5"
  resolved "https://registry.yarnpkg.com/@img/sharp-darwin-x64/-/sharp-darwin-x64-0.33.5.tgz#e03d3451cd9e664faa72948cc70a403ea4063d61"
  integrity sha512-fyHac4jIc1ANYGRDxtiqelIbdWkIuQaI84Mv45KvGRRxSAa7o7d1ZKAOBaYbnepLC1WqxfpimdeWfvqqSGwR2Q==
  optionalDependencies:
    "@img/sharp-libvips-darwin-x64" "1.0.4"

"@img/sharp-libvips-darwin-arm64@1.0.4":
  version "1.0.4"
  resolved "https://registry.yarnpkg.com/@img/sharp-libvips-darwin-arm64/-/sharp-libvips-darwin-arm64-1.0.4.tgz#447c5026700c01a993c7804eb8af5f6e9868c07f"
  integrity sha512-XblONe153h0O2zuFfTAbQYAX2JhYmDHeWikp1LM9Hul9gVPjFY427k6dFEcOL72O01QxQsWi761svJ/ev9xEDg==

"@img/sharp-libvips-darwin-x64@1.0.4":
  version "1.0.4"
  resolved "https://registry.yarnpkg.com/@img/sharp-libvips-darwin-x64/-/sharp-libvips-darwin-x64-1.0.4.tgz#e0456f8f7c623f9dbfbdc77383caa72281d86062"
  integrity sha512-xnGR8YuZYfJGmWPvmlunFaWJsb9T/AO2ykoP3Fz/0X5XV2aoYBPkX6xqCQvUTKKiLddarLaxpzNe+b1hjeWHAQ==

"@img/sharp-libvips-linux-arm64@1.0.4":
  version "1.0.4"
  resolved "https://registry.yarnpkg.com/@img/sharp-libvips-linux-arm64/-/sharp-libvips-linux-arm64-1.0.4.tgz#979b1c66c9a91f7ff2893556ef267f90ebe51704"
  integrity sha512-9B+taZ8DlyyqzZQnoeIvDVR/2F4EbMepXMc/NdVbkzsJbzkUjhXv/70GQJ7tdLA4YJgNP25zukcxpX2/SueNrA==

"@img/sharp-libvips-linux-arm@1.0.5":
  version "1.0.5"
  resolved "https://registry.yarnpkg.com/@img/sharp-libvips-linux-arm/-/sharp-libvips-linux-arm-1.0.5.tgz#99f922d4e15216ec205dcb6891b721bfd2884197"
  integrity sha512-gvcC4ACAOPRNATg/ov8/MnbxFDJqf/pDePbBnuBDcjsI8PssmjoKMAz4LtLaVi+OnSb5FK/yIOamqDwGmXW32g==

"@img/sharp-libvips-linux-s390x@1.0.4":
  version "1.0.4"
  resolved "https://registry.yarnpkg.com/@img/sharp-libvips-linux-s390x/-/sharp-libvips-linux-s390x-1.0.4.tgz#f8a5eb1f374a082f72b3f45e2fb25b8118a8a5ce"
  integrity sha512-u7Wz6ntiSSgGSGcjZ55im6uvTrOxSIS8/dgoVMoiGE9I6JAfU50yH5BoDlYA1tcuGS7g/QNtetJnxA6QEsCVTA==

"@img/sharp-libvips-linux-x64@1.0.4":
  version "1.0.4"
  resolved "https://registry.yarnpkg.com/@img/sharp-libvips-linux-x64/-/sharp-libvips-linux-x64-1.0.4.tgz#d4c4619cdd157774906e15770ee119931c7ef5e0"
  integrity sha512-MmWmQ3iPFZr0Iev+BAgVMb3ZyC4KeFc3jFxnNbEPas60e1cIfevbtuyf9nDGIzOaW9PdnDciJm+wFFaTlj5xYw==

"@img/sharp-libvips-linuxmusl-arm64@1.0.4":
  version "1.0.4"
  resolved "https://registry.yarnpkg.com/@img/sharp-libvips-linuxmusl-arm64/-/sharp-libvips-linuxmusl-arm64-1.0.4.tgz#166778da0f48dd2bded1fa3033cee6b588f0d5d5"
  integrity sha512-9Ti+BbTYDcsbp4wfYib8Ctm1ilkugkA/uscUn6UXK1ldpC1JjiXbLfFZtRlBhjPZ5o1NCLiDbg8fhUPKStHoTA==

"@img/sharp-libvips-linuxmusl-x64@1.0.4":
  version "1.0.4"
  resolved "https://registry.yarnpkg.com/@img/sharp-libvips-linuxmusl-x64/-/sharp-libvips-linuxmusl-x64-1.0.4.tgz#93794e4d7720b077fcad3e02982f2f1c246751ff"
  integrity sha512-viYN1KX9m+/hGkJtvYYp+CCLgnJXwiQB39damAO7WMdKWlIhmYTfHjwSbQeUK/20vY154mwezd9HflVFM1wVSw==

"@img/sharp-linux-arm64@0.33.5":
  version "0.33.5"
  resolved "https://registry.yarnpkg.com/@img/sharp-linux-arm64/-/sharp-linux-arm64-0.33.5.tgz#edb0697e7a8279c9fc829a60fc35644c4839bb22"
  integrity sha512-JMVv+AMRyGOHtO1RFBiJy/MBsgz0x4AWrT6QoEVVTyh1E39TrCUpTRI7mx9VksGX4awWASxqCYLCV4wBZHAYxA==
  optionalDependencies:
    "@img/sharp-libvips-linux-arm64" "1.0.4"

"@img/sharp-linux-arm@0.33.5":
  version "0.33.5"
  resolved "https://registry.yarnpkg.com/@img/sharp-linux-arm/-/sharp-linux-arm-0.33.5.tgz#422c1a352e7b5832842577dc51602bcd5b6f5eff"
  integrity sha512-JTS1eldqZbJxjvKaAkxhZmBqPRGmxgu+qFKSInv8moZ2AmT5Yib3EQ1c6gp493HvrvV8QgdOXdyaIBrhvFhBMQ==
  optionalDependencies:
    "@img/sharp-libvips-linux-arm" "1.0.5"

"@img/sharp-linux-s390x@0.33.5":
  version "0.33.5"
  resolved "https://registry.yarnpkg.com/@img/sharp-linux-s390x/-/sharp-linux-s390x-0.33.5.tgz#f5c077926b48e97e4a04d004dfaf175972059667"
  integrity sha512-y/5PCd+mP4CA/sPDKl2961b+C9d+vPAveS33s6Z3zfASk2j5upL6fXVPZi7ztePZ5CuH+1kW8JtvxgbuXHRa4Q==
  optionalDependencies:
    "@img/sharp-libvips-linux-s390x" "1.0.4"

"@img/sharp-linux-x64@0.33.5":
  version "0.33.5"
  resolved "https://registry.yarnpkg.com/@img/sharp-linux-x64/-/sharp-linux-x64-0.33.5.tgz#d806e0afd71ae6775cc87f0da8f2d03a7c2209cb"
  integrity sha512-opC+Ok5pRNAzuvq1AG0ar+1owsu842/Ab+4qvU879ippJBHvyY5n2mxF1izXqkPYlGuP/M556uh53jRLJmzTWA==
  optionalDependencies:
    "@img/sharp-libvips-linux-x64" "1.0.4"

"@img/sharp-linuxmusl-arm64@0.33.5":
  version "0.33.5"
  resolved "https://registry.yarnpkg.com/@img/sharp-linuxmusl-arm64/-/sharp-linuxmusl-arm64-0.33.5.tgz#252975b915894fb315af5deea174651e208d3d6b"
  integrity sha512-XrHMZwGQGvJg2V/oRSUfSAfjfPxO+4DkiRh6p2AFjLQztWUuY/o8Mq0eMQVIY7HJ1CDQUJlxGGZRw1a5bqmd1g==
  optionalDependencies:
    "@img/sharp-libvips-linuxmusl-arm64" "1.0.4"

"@img/sharp-linuxmusl-x64@0.33.5":
  version "0.33.5"
  resolved "https://registry.yarnpkg.com/@img/sharp-linuxmusl-x64/-/sharp-linuxmusl-x64-0.33.5.tgz#3f4609ac5d8ef8ec7dadee80b560961a60fd4f48"
  integrity sha512-WT+d/cgqKkkKySYmqoZ8y3pxx7lx9vVejxW/W4DOFMYVSkErR+w7mf2u8m/y4+xHe7yY9DAXQMWQhpnMuFfScw==
  optionalDependencies:
    "@img/sharp-libvips-linuxmusl-x64" "1.0.4"

"@img/sharp-wasm32@0.33.5":
  version "0.33.5"
  resolved "https://registry.yarnpkg.com/@img/sharp-wasm32/-/sharp-wasm32-0.33.5.tgz#6f44f3283069d935bb5ca5813153572f3e6f61a1"
  integrity sha512-ykUW4LVGaMcU9lu9thv85CbRMAwfeadCJHRsg2GmeRa/cJxsVY9Rbd57JcMxBkKHag5U/x7TSBpScF4U8ElVzg==
  dependencies:
    "@emnapi/runtime" "^1.2.0"

"@img/sharp-win32-ia32@0.33.5":
  version "0.33.5"
  resolved "https://registry.yarnpkg.com/@img/sharp-win32-ia32/-/sharp-win32-ia32-0.33.5.tgz#1a0c839a40c5351e9885628c85f2e5dfd02b52a9"
  integrity sha512-T36PblLaTwuVJ/zw/LaH0PdZkRz5rd3SmMHX8GSmR7vtNSP5Z6bQkExdSK7xGWyxLw4sUknBuugTelgw2faBbQ==

"@img/sharp-win32-x64@0.33.5":
  version "0.33.5"
  resolved "https://registry.yarnpkg.com/@img/sharp-win32-x64/-/sharp-win32-x64-0.33.5.tgz#56f00962ff0c4e0eb93d34a047d29fa995e3e342"
  integrity sha512-MpY/o8/8kj+EcnxwvrP4aTJSWw/aZ7JIGR4aBeZkZw5B7/Jn+tY9/VNwtcoGmdT7GfggGIU4kygOMSbYnOrAbg==

"@mantine/core@^7.17.0":
  version "7.17.3"
  resolved "https://registry.yarnpkg.com/@mantine/core/-/core-7.17.3.tgz#78ee30bb4493c6117d6d381fbfc374d773eedf8b"
  integrity sha512-N/AfV5eMnfEMx9WzI7AU5pNFBEzAfT/KtE2XDKS+0ht6RifUmolIxyIvoGMYz2yUEsCBMJZqmBq33Rabf5W7Ug==
  dependencies:
    "@floating-ui/react" "^0.26.28"
    clsx "^2.1.1"
    react-number-format "^5.4.3"
    react-remove-scroll "^2.6.2"
    react-textarea-autosize "8.5.6"
    type-fest "^4.27.0"

"@mantine/hooks@^7.17.0":
  version "7.17.3"
  resolved "https://registry.yarnpkg.com/@mantine/hooks/-/hooks-7.17.3.tgz#fe8c32edaeffb43f0fa5d984f6373fcef47f1ff8"
  integrity sha512-6o65Rbfl8jd1C1nF9icvungqL0qZViEOmrZgkyKXxBYkC3x91fz4zftwQgNjt1tZHWDNO6Bo4GpRjJyAdwl48g==

"@next/env@15.1.7":
  version "15.1.7"
  resolved "https://registry.yarnpkg.com/@next/env/-/env-15.1.7.tgz#14e2678f893aec50ff2dcb7a6665092fb9e1263d"
  integrity sha512-d9jnRrkuOH7Mhi+LHav2XW91HOgTAWHxjMPkXMGBc9B2b7614P7kjt8tAplRvJpbSt4nbO1lugcT/kAaWzjlLQ==

"@next/swc-darwin-arm64@15.1.7":
  version "15.1.7"
  resolved "https://registry.yarnpkg.com/@next/swc-darwin-arm64/-/swc-darwin-arm64-15.1.7.tgz#ecc6eacf174df36a6c73f7c319ed864ec6e08079"
  integrity sha512-hPFwzPJDpA8FGj7IKV3Yf1web3oz2YsR8du4amKw8d+jAOHfYHYFpMkoF6vgSY4W6vB29RtZEklK9ayinGiCmQ==

"@next/swc-darwin-x64@15.1.7":
  version "15.1.7"
  resolved "https://registry.yarnpkg.com/@next/swc-darwin-x64/-/swc-darwin-x64-15.1.7.tgz#d25b4c131d13439ea4b263dbcd0fd518a835f31c"
  integrity sha512-2qoas+fO3OQKkU0PBUfwTiw/EYpN+kdAx62cePRyY1LqKtP09Vp5UcUntfZYajop5fDFTjSxCHfZVRxzi+9FYQ==

"@next/swc-linux-arm64-gnu@15.1.7":
  version "15.1.7"
  resolved "https://registry.yarnpkg.com/@next/swc-linux-arm64-gnu/-/swc-linux-arm64-gnu-15.1.7.tgz#b19abc7b56918042b5309f55f7010e7932ee4967"
  integrity sha512-sKLLwDX709mPdzxMnRIXLIT9zaX2w0GUlkLYQnKGoXeWUhcvpCrK+yevcwCJPdTdxZEUA0mOXGLdPsGkudGdnA==

"@next/swc-linux-arm64-musl@15.1.7":
  version "15.1.7"
  resolved "https://registry.yarnpkg.com/@next/swc-linux-arm64-musl/-/swc-linux-arm64-musl-15.1.7.tgz#cb2ac35d3024e9d46ce0d4ff03bf491e0773519f"
  integrity sha512-zblK1OQbQWdC8fxdX4fpsHDw+VSpBPGEUX4PhSE9hkaWPrWoeIJn+baX53vbsbDRaDKd7bBNcXRovY1hEhFd7w==

"@next/swc-linux-x64-gnu@15.1.7":
  version "15.1.7"
  resolved "https://registry.yarnpkg.com/@next/swc-linux-x64-gnu/-/swc-linux-x64-gnu-15.1.7.tgz#cf6e338a1fbb1c9b019c158a76a7ab4f143929ce"
  integrity sha512-GOzXutxuLvLHFDAPsMP2zDBMl1vfUHHpdNpFGhxu90jEzH6nNIgmtw/s1MDwpTOiM+MT5V8+I1hmVFeAUhkbgQ==

"@next/swc-linux-x64-musl@15.1.7":
  version "15.1.7"
  resolved "https://registry.yarnpkg.com/@next/swc-linux-x64-musl/-/swc-linux-x64-musl-15.1.7.tgz#94c9117ece8e5851e7e6674f12d6b82b435e3a6f"
  integrity sha512-WrZ7jBhR7ATW1z5iEQ0ZJfE2twCNSXbpCSaAunF3BKcVeHFADSI/AW1y5Xt3DzTqPF1FzQlwQTewqetAABhZRQ==

"@next/swc-win32-arm64-msvc@15.1.7":
  version "15.1.7"
  resolved "https://registry.yarnpkg.com/@next/swc-win32-arm64-msvc/-/swc-win32-arm64-msvc-15.1.7.tgz#4947f3b7f41c7347114985bf3c91e2eacddfe124"
  integrity sha512-LDnj1f3OVbou1BqvvXVqouJZKcwq++mV2F+oFHptToZtScIEnhNRJAhJzqAtTE2dB31qDYL45xJwrc+bLeKM2Q==

"@next/swc-win32-x64-msvc@15.1.7":
  version "15.1.7"
  resolved "https://registry.yarnpkg.com/@next/swc-win32-x64-msvc/-/swc-win32-x64-msvc-15.1.7.tgz#0adb399deb15291b61be94909a97e0d6ce1f61fa"
  integrity sha512-dC01f1quuf97viOfW05/K8XYv2iuBgAxJZl7mbCKEjMgdQl5JjAKJ0D2qMKZCgPWDeFbFT0Q0nYWwytEW0DWTQ==

"@swc/counter@0.1.3":
  version "0.1.3"
  resolved "https://registry.yarnpkg.com/@swc/counter/-/counter-0.1.3.tgz#cc7463bd02949611c6329596fccd2b0ec782b0e9"
  integrity sha512-e2BR4lsJkkRlKZ/qCHPw9ZaSxc0MVUd7gtbtaB7aMvHeJVYe8sOB8DBZkP2DtISHGSku9sCK6T6cnY0CtXrOCQ==

"@swc/helpers@0.5.15":
  version "0.5.15"
  resolved "https://registry.yarnpkg.com/@swc/helpers/-/helpers-0.5.15.tgz#79efab344c5819ecf83a43f3f9f811fc84b516d7"
  integrity sha512-JQ5TuMi45Owi4/BIMAJBoSQoOJu12oOk/gADqlcUL9JEdHB8vyjUSsxqeNXnmXHjYKMi2WcYtezGEEhqUI/E2g==
  dependencies:
    tslib "^2.8.0"

"@tabler/icons-react@^3.30.0":
  version "3.31.0"
  resolved "https://registry.yarnpkg.com/@tabler/icons-react/-/icons-react-3.31.0.tgz#47bd53bba028f73c9756e4088b48ae1c13be2747"
  integrity sha512-2rrCM5y/VnaVKnORpDdAua9SEGuJKVqPtWxeQ/vUVsgaUx30LDgBZph7/lterXxDY1IKR6NO//HDhWiifXTi3w==
  dependencies:
    "@tabler/icons" "3.31.0"

"@tabler/icons@3.31.0":
  version "3.31.0"
  resolved "https://registry.yarnpkg.com/@tabler/icons/-/icons-3.31.0.tgz#92d39dc336f2e3e312170420b00ffe9ca474925e"
  integrity sha512-dblAdeKY3+GA1U+Q9eziZ0ooVlZMHsE8dqP0RkwvRtEsAULoKOYaCUOcJ4oW1DjWegdxk++UAt2SlQVnmeHv+g==

"@types/node@^22.13.4":
  version "22.13.14"
  resolved "https://registry.yarnpkg.com/@types/node/-/node-22.13.14.tgz#70d84ec91013dcd2ba2de35532a5a14c2b4cc912"
  integrity sha512-Zs/Ollc1SJ8nKUAgc7ivOEdIBM8JAKgrqqUYi2J997JuKO7/tpQC+WCetQ1sypiKCQWHdvdg9wBNpUPEWZae7w==
  dependencies:
    undici-types "~6.20.0"

"@types/react-dom@^19.0.4":
  version "19.0.4"
  resolved "https://registry.yarnpkg.com/@types/react-dom/-/react-dom-19.0.4.tgz#bedba97f9346bd4c0fe5d39e689713804ec9ac89"
  integrity sha512-4fSQ8vWFkg+TGhePfUzVmat3eC14TXYSsiiDSLI0dVLsrm9gZFABjPy/Qu6TKgl1tq1Bu1yDsuQgY3A3DOjCcg==

"@types/react@^19.0.10":
  version "19.0.12"
  resolved "https://registry.yarnpkg.com/@types/react/-/react-19.0.12.tgz#338b3f7854adbb784be454b3a83053127af96bd3"
  integrity sha512-V6Ar115dBDrjbtXSrS+/Oruobc+qVbbUxDFC1RSbRqLt5SYvxxyIDrSC85RWml54g+jfNeEMZhEj7wW07ONQhA==
  dependencies:
    csstype "^3.0.2"

busboy@1.6.0:
  version "1.6.0"
  resolved "https://registry.yarnpkg.com/busboy/-/busboy-1.6.0.tgz#966ea36a9502e43cdb9146962523b92f531f6893"
  integrity sha512-8SFQbg/0hQ9xy3UNTB0YEnsNBbWfhf7RtnzpL7TkBiTBRfrQ9Fxcnz7VJsleJpyp6rVLvXiuORqjlHi5q+PYuA==
  dependencies:
    streamsearch "^1.1.0"

caniuse-lite@^1.0.30001579:
  version "1.0.30001707"
  resolved "https://registry.yarnpkg.com/caniuse-lite/-/caniuse-lite-1.0.30001707.tgz#c5e104d199e6f4355a898fcd995a066c7eb9bf41"
  integrity sha512-3qtRjw/HQSMlDWf+X79N206fepf4SOOU6SQLMaq/0KkZLmSjPxAkBOQQ+FxbHKfHmYLZFfdWsO3KA90ceHPSnw==

client-only@0.0.1:
  version "0.0.1"
  resolved "https://registry.yarnpkg.com/client-only/-/client-only-0.0.1.tgz#38bba5d403c41ab150bff64a95c85013cf73bca1"
  integrity sha512-IV3Ou0jSMzZrd3pZ48nLkT9DA7Ag1pnPzaiQhpW7c3RbcqqzvzzVu+L8gfqMp/8IM2MQtSiqaCxrrcfu8I8rMA==

clsx@^2.1.1:
  version "2.1.1"
  resolved "https://registry.yarnpkg.com/clsx/-/clsx-2.1.1.tgz#eed397c9fd8bd882bfb18deab7102049a2f32999"
  integrity sha512-eYm0QWBtUrBWZWG0d386OGAw16Z995PiOVo2B7bjWSbHedGl5e0ZWaq65kOGgUSNesEIDkB9ISbTg/JK9dhCZA==

color-convert@^2.0.1:
  version "2.0.1"
  resolved "https://registry.yarnpkg.com/color-convert/-/color-convert-2.0.1.tgz#72d3a68d598c9bdb3af2ad1e84f21d896abd4de3"
  integrity sha512-RRECPsj7iu/xb5oKYcsFHSppFNnsj/52OVTRKb4zP5onXwVF3zVmmToNcOfGC+CRDpfK/U584fMg38ZHCaElKQ==
  dependencies:
    color-name "~1.1.4"

color-name@^1.0.0, color-name@~1.1.4:
  version "1.1.4"
  resolved "https://registry.yarnpkg.com/color-name/-/color-name-1.1.4.tgz#c2a09a87acbde69543de6f63fa3995c826c536a2"
  integrity sha512-dOy+3AuW3a2wNbZHIuMZpTcgjGuLU/uBL/ubcZF9OXbDo8ff4O8yVp5Bf0efS8uEoYo5q4Fx7dY9OgQGXgAsQA==

color-string@^1.9.0:
  version "1.9.1"
  resolved "https://registry.yarnpkg.com/color-string/-/color-string-1.9.1.tgz#4467f9146f036f855b764dfb5bf8582bf342c7a4"
  integrity sha512-shrVawQFojnZv6xM40anx4CkoDP+fZsw/ZerEMsW/pyzsRbElpsL/DBVW7q3ExxwusdNXI3lXpuhEZkzs8p5Eg==
  dependencies:
    color-name "^1.0.0"
    simple-swizzle "^0.2.2"

color@^4.2.3:
  version "4.2.3"
  resolved "https://registry.yarnpkg.com/color/-/color-4.2.3.tgz#d781ecb5e57224ee43ea9627560107c0e0c6463a"
  integrity sha512-1rXeuUUiGGrykh+CeBdu5Ie7OJwinCgQY0bc7GCRxy5xVHy+moaqkpL/jqQq0MtQOeYcrqEz4abc5f0KtU7W4A==
  dependencies:
    color-convert "^2.0.1"
    color-string "^1.9.0"

csstype@^3.0.2:
  version "3.1.3"
  resolved "https://registry.yarnpkg.com/csstype/-/csstype-3.1.3.tgz#d80ff294d114fb0e6ac500fbf85b60137d7eff81"
  integrity sha512-M1uQkMl8rQK/szD0LNhtqxIPLpimGm8sOBwU7lLnCpSbTyY3yeU1Vc7l4KT5zT4s/yOxHH5O7tIuuLOCnLADRw==

detect-libc@^2.0.3:
  version "2.0.3"
  resolved "https://registry.yarnpkg.com/detect-libc/-/detect-libc-2.0.3.tgz#f0cd503b40f9939b894697d19ad50895e30cf700"
  integrity sha512-bwy0MGW55bG41VqxxypOsdSdGqLwXPI/focwgTYCFMbdUiBAxLg9CFzG08sz2aqzknwiX7Hkl0bQENjg8iLByw==

detect-node-es@^1.1.0:
  version "1.1.0"
  resolved "https://registry.yarnpkg.com/detect-node-es/-/detect-node-es-1.1.0.tgz#163acdf643330caa0b4cd7c21e7ee7755d6fa493"
  integrity sha512-ypdmJU/TbBby2Dxibuv7ZLW3Bs1QEmM7nHjEANfohJLvE0XVujisn1qPJcZxg+qDucsr+bP6fLD1rPS3AhJ7EQ==

get-nonce@^1.0.0:
  version "1.0.1"
  resolved "https://registry.yarnpkg.com/get-nonce/-/get-nonce-1.0.1.tgz#fdf3f0278073820d2ce9426c18f07481b1e0cdf3"
  integrity sha512-FJhYRoDaiatfEkUK8HKlicmu/3SGFD51q3itKDGoSTysQJBnfOcxU5GxnhE1E6soB76MbT0MBtnKJuXyAx+96Q==

is-arrayish@^0.3.1:
  version "0.3.2"
  resolved "https://registry.yarnpkg.com/is-arrayish/-/is-arrayish-0.3.2.tgz#4574a2ae56f7ab206896fb431eaeed066fdf8f03"
  integrity sha512-eVRqCvVlZbuw3GrM63ovNSNAeA1K16kaR/LRY/92w0zxQ5/1YzwblUX652i4Xs9RwAGjW9d9y6X88t8OaAJfWQ==

nanoid@^3.3.6, nanoid@^3.3.8:
  version "3.3.11"
  resolved "https://registry.yarnpkg.com/nanoid/-/nanoid-3.3.11.tgz#4f4f112cefbe303202f2199838128936266d185b"
  integrity sha512-N8SpfPUnUp1bK+PMYW8qSWdl9U+wwNWI4QKxOYDy9JAro3WMX7p2OeVRF9v+347pnakNevPmiHhNmZ2HbFA76w==

next@15.1.7:
  version "15.1.7"
  resolved "https://registry.yarnpkg.com/next/-/next-15.1.7.tgz#e814845e7cdb0294aee88ceab0bb962de83e8e6f"
  integrity sha512-GNeINPGS9c6OZKCvKypbL8GTsT5GhWPp4DM0fzkXJuXMilOO2EeFxuAY6JZbtk6XIl6Ws10ag3xRINDjSO5+wg==
  dependencies:
    "@next/env" "15.1.7"
    "@swc/counter" "0.1.3"
    "@swc/helpers" "0.5.15"
    busboy "1.6.0"
    caniuse-lite "^1.0.30001579"
    postcss "8.4.31"
    styled-jsx "5.1.6"
  optionalDependencies:
    "@next/swc-darwin-arm64" "15.1.7"
    "@next/swc-darwin-x64" "15.1.7"
    "@next/swc-linux-arm64-gnu" "15.1.7"
    "@next/swc-linux-arm64-musl" "15.1.7"
    "@next/swc-linux-x64-gnu" "15.1.7"
    "@next/swc-linux-x64-musl" "15.1.7"
    "@next/swc-win32-arm64-msvc" "15.1.7"
    "@next/swc-win32-x64-msvc" "15.1.7"
    sharp "^0.33.5"

picocolors@^1.0.0, picocolors@^1.1.1:
  version "1.1.1"
  resolved "https://registry.yarnpkg.com/picocolors/-/picocolors-1.1.1.tgz#3d321af3eab939b083c8f929a1d12cda81c26b6b"
  integrity sha512-xceH2snhtb5M9liqDsmEw56le376mTZkEX/jEb/RxNFyegNul7eNslCXP9FDj/Lcu0X8KEyMceP2ntpaHrDEVA==

postcss@8.4.31:
  version "8.4.31"
  resolved "https://registry.yarnpkg.com/postcss/-/postcss-8.4.31.tgz#92b451050a9f914da6755af352bdc0192508656d"
  integrity sha512-PS08Iboia9mts/2ygV3eLpY5ghnUcfLV/EXTOW1E2qYxJKGGBUtNjN76FYHnMs36RmARn41bC0AZmn+rR0OVpQ==
  dependencies:
    nanoid "^3.3.6"
    picocolors "^1.0.0"
    source-map-js "^1.0.2"

postcss@^8.5.3:
  version "8.5.3"
  resolved "https://registry.yarnpkg.com/postcss/-/postcss-8.5.3.tgz#1463b6f1c7fb16fe258736cba29a2de35237eafb"
  integrity sha512-dle9A3yYxlBSrt8Fu+IpjGT8SY8hN0mlaA6GY8t0P5PjIOZemULz/E2Bnm/2dcUOena75OTNkHI76uZBNUUq3A==
  dependencies:
    nanoid "^3.3.8"
    picocolors "^1.1.1"
    source-map-js "^1.2.1"

react-dom@^19.0.0:
  version "19.1.0"
  resolved "https://registry.yarnpkg.com/react-dom/-/react-dom-19.1.0.tgz#133558deca37fa1d682708df8904b25186793623"
  integrity sha512-Xs1hdnE+DyKgeHJeJznQmYMIBG3TKIHJJT95Q58nHLSrElKlGQqDTR2HQ9fx5CN/Gk6Vh/kupBTDLU11/nDk/g==
  dependencies:
    scheduler "^0.26.0"

react-number-format@^5.4.3:
  version "5.4.3"
  resolved "https://registry.yarnpkg.com/react-number-format/-/react-number-format-5.4.3.tgz#e634df907da7742faf597afab3f25f9a59689d60"
  integrity sha512-VCY5hFg/soBighAoGcdE+GagkJq0230qN6jcS5sp8wQX1qy1fYN/RX7/BXkrs0oyzzwqR8/+eSUrqXbGeywdUQ==

react-remove-scroll-bar@^2.3.7:
  version "2.3.8"
  resolved "https://registry.yarnpkg.com/react-remove-scroll-bar/-/react-remove-scroll-bar-2.3.8.tgz#99c20f908ee467b385b68a3469b4a3e750012223"
  integrity sha512-9r+yi9+mgU33AKcj6IbT9oRCO78WriSj6t/cF8DWBZJ9aOGPOTEDvdUDz1FwKim7QXWwmHqtdHnRJfhAxEG46Q==
  dependencies:
    react-style-singleton "^2.2.2"
    tslib "^2.0.0"

react-remove-scroll@^2.6.2:
  version "2.6.3"
  resolved "https://registry.yarnpkg.com/react-remove-scroll/-/react-remove-scroll-2.6.3.tgz#df02cde56d5f2731e058531f8ffd7f9adec91ac2"
  integrity sha512-pnAi91oOk8g8ABQKGF5/M9qxmmOPxaAnopyTHYfqYEwJhyFrbbBtHuSgtKEoH0jpcxx5o3hXqH1mNd9/Oi+8iQ==
  dependencies:
    react-remove-scroll-bar "^2.3.7"
    react-style-singleton "^2.2.3"
    tslib "^2.1.0"
    use-callback-ref "^1.3.3"
    use-sidecar "^1.1.3"

react-style-singleton@^2.2.2, react-style-singleton@^2.2.3:
  version "2.2.3"
  resolved "https://registry.yarnpkg.com/react-style-singleton/-/react-style-singleton-2.2.3.tgz#4265608be69a4d70cfe3047f2c6c88b2c3ace388"
  integrity sha512-b6jSvxvVnyptAiLjbkWLE/lOnR4lfTtDAl+eUC7RZy+QQWc6wRzIV2CE6xBuMmDxc2qIihtDCZD5NPOFl7fRBQ==
  dependencies:
    get-nonce "^1.0.0"
    tslib "^2.0.0"

react-textarea-autosize@8.5.6:
  version "8.5.6"
  resolved "https://registry.yarnpkg.com/react-textarea-autosize/-/react-textarea-autosize-8.5.6.tgz#e9205fb215eea7cbb6cba8f57dd874ab5d44a241"
  integrity sha512-aT3ioKXMa8f6zHYGebhbdMD2L00tKeRX1zuVuDx9YQK/JLLRSaSxq3ugECEmUB9z2kvk6bFSIoRHLkkUv0RJiw==
  dependencies:
    "@babel/runtime" "^7.20.13"
    use-composed-ref "^1.3.0"
    use-latest "^1.2.1"

react-type-animation@^3.2.0:
  version "3.2.0"
  resolved "https://registry.yarnpkg.com/react-type-animation/-/react-type-animation-3.2.0.tgz#6863d5d60e3beb237f2bd690cceb585402c47e6a"
  integrity sha512-WXTe0i3rRNKjmggPvT5ntye1QBt0ATGbijeW6V3cQe2W0jaMABXXlPPEdtofnS9tM7wSRHchEvI9SUw+0kUohw==

react@^19.0.0:
  version "19.1.0"
  resolved "https://registry.yarnpkg.com/react/-/react-19.1.0.tgz#926864b6c48da7627f004795d6cce50e90793b75"
  integrity sha512-FS+XFBNvn3GTAWq26joslQgWNoFu08F4kl0J4CgdNKADkdSGXQyTCnKteIAJy96Br6YbpEU1LSzV5dYtjMkMDg==

regenerator-runtime@^0.14.0:
  version "0.14.1"
  resolved "https://registry.yarnpkg.com/regenerator-runtime/-/regenerator-runtime-0.14.1.tgz#356ade10263f685dda125100cd862c1db895327f"
  integrity sha512-dYnhHh0nJoMfnkZs6GmmhFknAGRrLznOu5nc9ML+EJxGvrx6H7teuevqVqCuPcPK//3eDrrjQhehXVx9cnkGdw==

scheduler@^0.26.0:
  version "0.26.0"
  resolved "https://registry.yarnpkg.com/scheduler/-/scheduler-0.26.0.tgz#4ce8a8c2a2095f13ea11bf9a445be50c555d6337"
  integrity sha512-NlHwttCI/l5gCPR3D1nNXtWABUmBwvZpEQiD4IXSbIDq8BzLIK/7Ir5gTFSGZDUu37K5cMNp0hFtzO38sC7gWA==

semver@^7.6.3:
  version "7.7.1"
  resolved "https://registry.yarnpkg.com/semver/-/semver-7.7.1.tgz#abd5098d82b18c6c81f6074ff2647fd3e7220c9f"
  integrity sha512-hlq8tAfn0m/61p4BVRcPzIGr6LKiMwo4VM6dGi6pt4qcRkmNzTcWq6eCEjEh+qXjkMDvPlOFFSGwQjoEa6gyMA==

sharp@^0.33.5:
  version "0.33.5"
  resolved "https://registry.yarnpkg.com/sharp/-/sharp-0.33.5.tgz#13e0e4130cc309d6a9497596715240b2ec0c594e"
  integrity sha512-haPVm1EkS9pgvHrQ/F3Xy+hgcuMV0Wm9vfIBSiwZ05k+xgb0PkBQpGsAA/oWdDobNaZTH5ppvHtzCFbnSEwHVw==
  dependencies:
    color "^4.2.3"
    detect-libc "^2.0.3"
    semver "^7.6.3"
  optionalDependencies:
    "@img/sharp-darwin-arm64" "0.33.5"
    "@img/sharp-darwin-x64" "0.33.5"
    "@img/sharp-libvips-darwin-arm64" "1.0.4"
    "@img/sharp-libvips-darwin-x64" "1.0.4"
    "@img/sharp-libvips-linux-arm" "1.0.5"
    "@img/sharp-libvips-linux-arm64" "1.0.4"
    "@img/sharp-libvips-linux-s390x" "1.0.4"
    "@img/sharp-libvips-linux-x64" "1.0.4"
    "@img/sharp-libvips-linuxmusl-arm64" "1.0.4"
    "@img/sharp-libvips-linuxmusl-x64" "1.0.4"
    "@img/sharp-linux-arm" "0.33.5"
    "@img/sharp-linux-arm64" "0.33.5"
    "@img/sharp-linux-s390x" "0.33.5"
    "@img/sharp-linux-x64" "0.33.5"
    "@img/sharp-linuxmusl-arm64" "0.33.5"
    "@img/sharp-linuxmusl-x64" "0.33.5"
    "@img/sharp-wasm32" "0.33.5"
    "@img/sharp-win32-ia32" "0.33.5"
    "@img/sharp-win32-x64" "0.33.5"

simple-swizzle@^0.2.2:
  version "0.2.2"
  resolved "https://registry.yarnpkg.com/simple-swizzle/-/simple-swizzle-0.2.2.tgz#a4da6b635ffcccca33f70d17cb92592de95e557a"
  integrity sha512-JA//kQgZtbuY83m+xT+tXJkmJncGMTFT+C+g2h2R9uxkYIrE2yy9sgmcLhCnw57/WSD+Eh3J97FPEDFnbXnDUg==
  dependencies:
    is-arrayish "^0.3.1"

source-map-js@^1.0.2, source-map-js@^1.2.1:
  version "1.2.1"
  resolved "https://registry.yarnpkg.com/source-map-js/-/source-map-js-1.2.1.tgz#1ce5650fddd87abc099eda37dcff024c2667ae46"
  integrity sha512-UXWMKhLOwVKb728IUtQPXxfYU+usdybtUrK/8uGE8CQMvrhOpwvzDBwj0QhSL7MQc7vIsISBG8VQ8+IDQxpfQA==

streamsearch@^1.1.0:
  version "1.1.0"
  resolved "https://registry.yarnpkg.com/streamsearch/-/streamsearch-1.1.0.tgz#404dd1e2247ca94af554e841a8ef0eaa238da764"
  integrity sha512-Mcc5wHehp9aXz1ax6bZUyY5afg9u2rv5cqQI3mRrYkGC8rW2hM02jWuwjtL++LS5qinSyhj2QfLyNsuc+VsExg==

styled-jsx@5.1.6:
  version "5.1.6"
  resolved "https://registry.yarnpkg.com/styled-jsx/-/styled-jsx-5.1.6.tgz#83b90c077e6c6a80f7f5e8781d0f311b2fe41499"
  integrity sha512-qSVyDTeMotdvQYoHWLNGwRFJHC+i+ZvdBRYosOFgC+Wg1vx4frN2/RG/NA7SYqqvKNLf39P2LSRA2pu6n0XYZA==
  dependencies:
    client-only "0.0.1"

tabbable@^6.0.0:
  version "6.2.0"
  resolved "https://registry.yarnpkg.com/tabbable/-/tabbable-6.2.0.tgz#732fb62bc0175cfcec257330be187dcfba1f3b97"
  integrity sha512-Cat63mxsVJlzYvN51JmVXIgNoUokrIaT2zLclCXjRd8boZ0004U4KCs/sToJ75C6sdlByWxpYnb5Boif1VSFew==

tslib@^2.0.0, tslib@^2.1.0, tslib@^2.4.0, tslib@^2.8.0:
  version "2.8.1"
  resolved "https://registry.yarnpkg.com/tslib/-/tslib-2.8.1.tgz#612efe4ed235d567e8aba5f2a5fab70280ade83f"
  integrity sha512-oJFu94HQb+KVduSUQL7wnpmqnfmLsOA/nAh6b6EH0wCEoK0/mPeXU6c3wKDV83MkOuHPRHtSXKKU99IBazS/2w==

type-fest@^4.27.0:
  version "4.38.0"
  resolved "https://registry.yarnpkg.com/type-fest/-/type-fest-4.38.0.tgz#659fa14d1a71c2811400aa3b5272627e0c1e6b96"
  integrity sha512-2dBz5D5ycHIoliLYLi0Q2V7KRaDlH0uWIvmk7TYlAg5slqwiPv1ezJdZm1QEM0xgk29oYWMCbIG7E6gHpvChlg==

typescript@^5.7.3:
  version "5.8.2"
  resolved "https://registry.yarnpkg.com/typescript/-/typescript-5.8.2.tgz#8170b3702f74b79db2e5a96207c15e65807999e4"
  integrity sha512-aJn6wq13/afZp/jT9QZmwEjDqqvSGp1VT5GVg+f/t6/oVyrgXM6BY1h9BRh/O5p3PlUPAe+WuiEZOmb/49RqoQ==

undici-types@~6.20.0:
  version "6.20.0"
  resolved "https://registry.yarnpkg.com/undici-types/-/undici-types-6.20.0.tgz#8171bf22c1f588d1554d55bf204bc624af388433"
  integrity sha512-Ny6QZ2Nju20vw1SRHe3d9jVu6gJ+4e3+MMpqu7pqE5HT6WsTSlce++GQmK5UXS8mzV8DSYHrQH+Xrf2jVcuKNg==

use-callback-ref@^1.3.3:
  version "1.3.3"
  resolved "https://registry.yarnpkg.com/use-callback-ref/-/use-callback-ref-1.3.3.tgz#98d9fab067075841c5b2c6852090d5d0feabe2bf"
  integrity sha512-jQL3lRnocaFtu3V00JToYz/4QkNWswxijDaCVNZRiRTO3HQDLsdu1ZtmIUvV4yPp+rvWm5j0y0TG/S61cuijTg==
  dependencies:
    tslib "^2.0.0"

use-composed-ref@^1.3.0:
  version "1.4.0"
  resolved "https://registry.yarnpkg.com/use-composed-ref/-/use-composed-ref-1.4.0.tgz#09e023bf798d005286ad85cd20674bdf5770653b"
  integrity sha512-djviaxuOOh7wkj0paeO1Q/4wMZ8Zrnag5H6yBvzN7AKKe8beOaED9SF5/ByLqsku8NP4zQqsvM2u3ew/tJK8/w==

use-isomorphic-layout-effect@^1.1.1:
  version "1.2.0"
  resolved "https://registry.yarnpkg.com/use-isomorphic-layout-effect/-/use-isomorphic-layout-effect-1.2.0.tgz#afb292eb284c39219e8cb8d3d62d71999361a21d"
  integrity sha512-q6ayo8DWoPZT0VdG4u3D3uxcgONP3Mevx2i2b0434cwWBoL+aelL1DzkXI6w3PhTZzUeR2kaVlZn70iCiseP6w==

use-latest@^1.2.1:
  version "1.3.0"
  resolved "https://registry.yarnpkg.com/use-latest/-/use-latest-1.3.0.tgz#549b9b0d4c1761862072f0899c6f096eb379137a"
  integrity sha512-mhg3xdm9NaM8q+gLT8KryJPnRFOz1/5XPBhmDEVZK1webPzDjrPk7f/mbpeLqTgB9msytYWANxgALOCJKnLvcQ==
  dependencies:
    use-isomorphic-layout-effect "^1.1.1"

use-sidecar@^1.1.3:
  version "1.1.3"
  resolved "https://registry.yarnpkg.com/use-sidecar/-/use-sidecar-1.1.3.tgz#10e7fd897d130b896e2c546c63a5e8233d00efdb"
  integrity sha512-Fedw0aZvkhynoPYlA5WXrMCAMm+nSWdZt6lzJQ7Ok8S6Q+VsHmHpRWndVRJ8Be0ZbkfPc5LRYH+5XrzXcEeLRQ==
  dependencies:
    detect-node-es "^1.1.0"
    tslib "^2.0.0"
